// !$*UTF8*$!
{
	archiveVersion = 1;
	classes = {
	};
	objectVersion = 50;
	objects = {

/* Begin PBXBuildFile section */
		33D4F03B23652C590012009F /* AppDelegate.swift in Sources */ = {isa = PBXBuildFile; fileRef = 33D4F03A23652C590012009F /* AppDelegate.swift */; };
		33D4F03D23652C590012009F /* ViewController.swift in Sources */ = {isa = PBXBuildFile; fileRef = 33D4F03C23652C590012009F /* ViewController.swift */; };
		33D4F04023652C590012009F /* Main.storyboard in Resources */ = {isa = PBXBuildFile; fileRef = 33D4F03E23652C590012009F /* Main.storyboard */; };
		33D4F04223652C5A0012009F /* Assets.xcassets in Resources */ = {isa = PBXBuildFile; fileRef = 33D4F04123652C5A0012009F /* Assets.xcassets */; };
		33D4F04523652C5A0012009F /* LaunchScreen.storyboard in Resources */ = {isa = PBXBuildFile; fileRef = 33D4F04323652C5A0012009F /* LaunchScreen.storyboard */; };
		33D4F05023652C5A0012009F /* AutoLayout_PopUp_LayoutTests.swift in Sources */ = {isa = PBXBuildFile; fileRef = 33D4F04F23652C5A0012009F /* AutoLayout_PopUp_LayoutTests.swift */; };
		33D4F05B23652C5A0012009F /* AutoLayout_PopUp_LayoutUITests.swift in Sources */ = {isa = PBXBuildFile; fileRef = 33D4F05A23652C5A0012009F /* AutoLayout_PopUp_LayoutUITests.swift */; };
/* End PBXBuildFile section */

/* Begin PBXContainerItemProxy section */
		33D4F04C23652C5A0012009F /* PBXContainerItemProxy */ = {
			isa = PBXContainerItemProxy;
			containerPortal = 33D4F02F23652C590012009F /* Project object */;
			proxyType = 1;
			remoteGlobalIDString = 33D4F03623652C590012009F;
			remoteInfo = AutoLayout_PopUp_Layout;
		};
		33D4F05723652C5A0012009F /* PBXContainerItemProxy */ = {
			isa = PBXContainerItemProxy;
			containerPortal = 33D4F02F23652C590012009F /* Project object */;
			proxyType = 1;
			remoteGlobalIDString = 33D4F03623652C590012009F;
			remoteInfo = AutoLayout_PopUp_Layout;
		};
/* End PBXContainerItemProxy section */

/* Begin PBXFileReference section */
		33D4F03723652C590012009F /* AutoLayout_PopUp_Layout.app */ = {isa = PBXFileReference; explicitFileType = wrapper.application; includeInIndex = 0; path = AutoLayout_PopUp_Layout.app; sourceTree = BUILT_PRODUCTS_DIR; };
		33D4F03A23652C590012009F /* AppDelegate.swift */ = {isa = PBXFileReference; lastKnownFileType = sourcecode.swift; path = AppDelegate.swift; sourceTree = "<group>"; };
		33D4F03C23652C590012009F /* ViewController.swift */ = {isa = PBXFileReference; lastKnownFileType = sourcecode.swift; path = ViewController.swift; sourceTree = "<group>"; };
		33D4F03F23652C590012009F /* Base */ = {isa = PBXFileReference; lastKnownFileType = file.storyboard; name = Base; path = Base.lproj/Main.storyboard; sourceTree = "<group>"; };
		33D4F04123652C5A0012009F /* Assets.xcassets */ = {isa = PBXFileReference; lastKnownFileType = folder.assetcatalog; path = Assets.xcassets; sourceTree = "<group>"; };
		33D4F04423652C5A0012009F /* Base */ = {isa = PBXFileReference; lastKnownFileType = file.storyboard; name = Base; path = Base.lproj/LaunchScreen.storyboard; sourceTree = "<group>"; };
		33D4F04623652C5A0012009F /* Info.plist */ = {isa = PBXFileReference; lastKnownFileType = text.plist.xml; path = Info.plist; sourceTree = "<group>"; };
		33D4F04B23652C5A0012009F /* AutoLayout_PopUp_LayoutTests.xctest */ = {isa = PBXFileReference; explicitFileType = wrapper.cfbundle; includeInIndex = 0; path = AutoLayout_PopUp_LayoutTests.xctest; sourceTree = BUILT_PRODUCTS_DIR; };
		33D4F04F23652C5A0012009F /* AutoLayout_PopUp_LayoutTests.swift */ = {isa = PBXFileReference; lastKnownFileType = sourcecode.swift; path = AutoLayout_PopUp_LayoutTests.swift; sourceTree = "<group>"; };
		33D4F05123652C5A0012009F /* Info.plist */ = {isa = PBXFileReference; lastKnownFileType = text.plist.xml; path = Info.plist; sourceTree = "<group>"; };
		33D4F05623652C5A0012009F /* AutoLayout_PopUp_LayoutUITests.xctest */ = {isa = PBXFileReference; explicitFileType = wrapper.cfbundle; includeInIndex = 0; path = AutoLayout_PopUp_LayoutUITests.xctest; sourceTree = BUILT_PRODUCTS_DIR; };
		33D4F05A23652C5A0012009F /* AutoLayout_PopUp_LayoutUITests.swift */ = {isa = PBXFileReference; lastKnownFileType = sourcecode.swift; path = AutoLayout_PopUp_LayoutUITests.swift; sourceTree = "<group>"; };
		33D4F05C23652C5A0012009F /* Info.plist */ = {isa = PBXFileReference; lastKnownFileType = text.plist.xml; path = Info.plist; sourceTree = "<group>"; };
/* End PBXFileReference section */

/* Begin PBXFrameworksBuildPhase section */
		33D4F03423652C590012009F /* Frameworks */ = {
			isa = PBXFrameworksBuildPhase;
			buildActionMask = 2147483647;
			files = (
			);
			runOnlyForDeploymentPostprocessing = 0;
		};
		33D4F04823652C5A0012009F /* Frameworks */ = {
			isa = PBXFrameworksBuildPhase;
			buildActionMask = 2147483647;
			files = (
			);
			runOnlyForDeploymentPostprocessing = 0;
		};
		33D4F05323652C5A0012009F /* Frameworks */ = {
			isa = PBXFrameworksBuildPhase;
			buildActionMask = 2147483647;
			files = (
			);
			runOnlyForDeploymentPostprocessing = 0;
		};
/* End PBXFrameworksBuildPhase section */

/* Begin PBXGroup section */
		33D4F02E23652C590012009F = {
			isa = PBXGroup;
			children = (
				33D4F03923652C590012009F /* AutoLayout_PopUp_Layout */,
				33D4F04E23652C5A0012009F /* AutoLayout_PopUp_LayoutTests */,
				33D4F05923652C5A0012009F /* AutoLayout_PopUp_LayoutUITests */,
				33D4F03823652C590012009F /* Products */,
			);
			sourceTree = "<group>";
		};
		33D4F03823652C590012009F /* Products */ = {
			isa = PBXGroup;
			children = (
				33D4F03723652C590012009F /* AutoLayout_PopUp_Layout.app */,
				33D4F04B23652C5A0012009F /* AutoLayout_PopUp_LayoutTests.xctest */,
				33D4F05623652C5A0012009F /* AutoLayout_PopUp_LayoutUITests.xctest */,
			);
			name = Products;
			sourceTree = "<group>";
		};
		33D4F03923652C590012009F /* AutoLayout_PopUp_Layout */ = {
			isa = PBXGroup;
			children = (
				33D4F03A23652C590012009F /* AppDelegate.swift */,
				33D4F03C23652C590012009F /* ViewController.swift */,
				33D4F03E23652C590012009F /* Main.storyboard */,
				33D4F04123652C5A0012009F /* Assets.xcassets */,
				33D4F04323652C5A0012009F /* LaunchScreen.storyboard */,
				33D4F04623652C5A0012009F /* Info.plist */,
			);
			path = AutoLayout_PopUp_Layout;
			sourceTree = "<group>";
		};
		33D4F04E23652C5A0012009F /* AutoLayout_PopUp_LayoutTests */ = {
			isa = PBXGroup;
			children = (
				33D4F04F23652C5A0012009F /* AutoLayout_PopUp_LayoutTests.swift */,
				33D4F05123652C5A0012009F /* Info.plist */,
			);
			path = AutoLayout_PopUp_LayoutTests;
			sourceTree = "<group>";
		};
		33D4F05923652C5A0012009F /* AutoLayout_PopUp_LayoutUITests */ = {
			isa = PBXGroup;
			children = (
				33D4F05A23652C5A0012009F /* AutoLayout_PopUp_LayoutUITests.swift */,
				33D4F05C23652C5A0012009F /* Info.plist */,
			);
			path = AutoLayout_PopUp_LayoutUITests;
			sourceTree = "<group>";
		};
/* End PBXGroup section */

/* Begin PBXNativeTarget section */
		33D4F03623652C590012009F /* AutoLayout_PopUp_Layout */ = {
			isa = PBXNativeTarget;
			buildConfigurationList = 33D4F05F23652C5A0012009F /* Build configuration list for PBXNativeTarget "AutoLayout_PopUp_Layout" */;
			buildPhases = (
				33D4F03323652C590012009F /* Sources */,
				33D4F03423652C590012009F /* Frameworks */,
				33D4F03523652C590012009F /* Resources */,
			);
			buildRules = (
			);
			dependencies = (
			);
			name = AutoLayout_PopUp_Layout;
			productName = AutoLayout_PopUp_Layout;
			productReference = 33D4F03723652C590012009F /* AutoLayout_PopUp_Layout.app */;
			productType = "com.apple.product-type.application";
		};
		33D4F04A23652C5A0012009F /* AutoLayout_PopUp_LayoutTests */ = {
			isa = PBXNativeTarget;
			buildConfigurationList = 33D4F06223652C5A0012009F /* Build configuration list for PBXNativeTarget "AutoLayout_PopUp_LayoutTests" */;
			buildPhases = (
				33D4F04723652C5A0012009F /* Sources */,
				33D4F04823652C5A0012009F /* Frameworks */,
				33D4F04923652C5A0012009F /* Resources */,
			);
			buildRules = (
			);
			dependencies = (
				33D4F04D23652C5A0012009F /* PBXTargetDependency */,
			);
			name = AutoLayout_PopUp_LayoutTests;
			productName = AutoLayout_PopUp_LayoutTests;
			productReference = 33D4F04B23652C5A0012009F /* AutoLayout_PopUp_LayoutTests.xctest */;
			productType = "com.apple.product-type.bundle.unit-test";
		};
		33D4F05523652C5A0012009F /* AutoLayout_PopUp_LayoutUITests */ = {
			isa = PBXNativeTarget;
			buildConfigurationList = 33D4F06523652C5A0012009F /* Build configuration list for PBXNativeTarget "AutoLayout_PopUp_LayoutUITests" */;
			buildPhases = (
				33D4F05223652C5A0012009F /* Sources */,
				33D4F05323652C5A0012009F /* Frameworks */,
				33D4F05423652C5A0012009F /* Resources */,
			);
			buildRules = (
			);
			dependencies = (
				33D4F05823652C5A0012009F /* PBXTargetDependency */,
			);
			name = AutoLayout_PopUp_LayoutUITests;
			productName = AutoLayout_PopUp_LayoutUITests;
			productReference = 33D4F05623652C5A0012009F /* AutoLayout_PopUp_LayoutUITests.xctest */;
			productType = "com.apple.product-type.bundle.ui-testing";
		};
/* End PBXNativeTarget section */

/* Begin PBXProject section */
		33D4F02F23652C590012009F /* Project object */ = {
			isa = PBXProject;
			attributes = {
				LastSwiftUpdateCheck = 1010;
				LastUpgradeCheck = 1010;
				ORGANIZATIONNAME = "양팀장";
				TargetAttributes = {
					33D4F03623652C590012009F = {
						CreatedOnToolsVersion = 10.1;
					};
					33D4F04A23652C5A0012009F = {
						CreatedOnToolsVersion = 10.1;
						TestTargetID = 33D4F03623652C590012009F;
					};
					33D4F05523652C5A0012009F = {
						CreatedOnToolsVersion = 10.1;
						TestTargetID = 33D4F03623652C590012009F;
					};
				};
			};
			buildConfigurationList = 33D4F03223652C590012009F /* Build configuration list for PBXProject "AutoLayout_PopUp_Layout" */;
			compatibilityVersion = "Xcode 9.3";
			developmentRegion = en;
			hasScannedForEncodings = 0;
			knownRegions = (
				en,
				Base,
			);
			mainGroup = 33D4F02E23652C590012009F;
			productRefGroup = 33D4F03823652C590012009F /* Products */;
			projectDirPath = "";
			projectRoot = "";
			targets = (
				33D4F03623652C590012009F /* AutoLayout_PopUp_Layout */,
				33D4F04A23652C5A0012009F /* AutoLayout_PopUp_LayoutTests */,
				33D4F05523652C5A0012009F /* AutoLayout_PopUp_LayoutUITests */,
			);
		};
/* End PBXProject section */

/* Begin PBXResourcesBuildPhase section */
		33D4F03523652C590012009F /* Resources */ = {
			isa = PBXResourcesBuildPhase;
			buildActionMask = 2147483647;
			files = (
				33D4F04523652C5A0012009F /* LaunchScreen.storyboard in Resources */,
				33D4F04223652C5A0012009F /* Assets.xcassets in Resources */,
				33D4F04023652C590012009F /* Main.storyboard in Resources */,
			);
			runOnlyForDeploymentPostprocessing = 0;
		};
		33D4F04923652C5A0012009F /* Resources */ = {
			isa = PBXResourcesBuildPhase;
			buildActionMask = 2147483647;
			files = (
			);
			runOnlyForDeploymentPostprocessing = 0;
		};
		33D4F05423652C5A0012009F /* Resources */ = {
			isa = PBXResourcesBuildPhase;
			buildActionMask = 2147483647;
			files = (
			);
			runOnlyForDeploymentPostprocessing = 0;
		};
/* End PBXResourcesBuildPhase section */

/* Begin PBXSourcesBuildPhase section */
		33D4F03323652C590012009F /* Sources */ = {
			isa = PBXSourcesBuildPhase;
			buildActionMask = 2147483647;
			files = (
				33D4F03D23652C590012009F /* ViewController.swift in Sources */,
				33D4F03B23652C590012009F /* AppDelegate.swift in Sources */,
			);
			runOnlyForDeploymentPostprocessing = 0;
		};
		33D4F04723652C5A0012009F /* Sources */ = {
			isa = PBXSourcesBuildPhase;
			buildActionMask = 2147483647;
			files = (
				33D4F05023652C5A0012009F /* AutoLayout_PopUp_LayoutTests.swift in Sources */,
			);
			runOnlyForDeploymentPostprocessing = 0;
		};
		33D4F05223652C5A0012009F /* Sources */ = {
			isa = PBXSourcesBuildPhase;
			buildActionMask = 2147483647;
			files = (
				33D4F05B23652C5A0012009F /* AutoLayout_PopUp_LayoutUITests.swift in Sources */,
			);
			runOnlyForDeploymentPostprocessing = 0;
		};
/* End PBXSourcesBuildPhase section */

/* Begin PBXTargetDependency section */
		33D4F04D23652C5A0012009F /* PBXTargetDependency */ = {
			isa = PBXTargetDependency;
			target = 33D4F03623652C590012009F /* AutoLayout_PopUp_Layout */;
			targetProxy = 33D4F04C23652C5A0012009F /* PBXContainerItemProxy */;
		};
		33D4F05823652C5A0012009F /* PBXTargetDependency */ = {
			isa = PBXTargetDependency;
			target = 33D4F03623652C590012009F /* AutoLayout_PopUp_Layout */;
			targetProxy = 33D4F05723652C5A0012009F /* PBXContainerItemProxy */;
		};
/* End PBXTargetDependency section */

/* Begin PBXVariantGroup section */
		33D4F03E23652C590012009F /* Main.storyboard */ = {
			isa = PBXVariantGroup;
			children = (
				33D4F03F23652C590012009F /* Base */,
			);
			name = Main.storyboard;
			sourceTree = "<group>";
		};
		33D4F04323652C5A0012009F /* LaunchScreen.storyboard */ = {
			isa = PBXVariantGroup;
			children = (
				33D4F04423652C5A0012009F /* Base */,
			);
			name = LaunchScreen.storyboard;
			sourceTree = "<group>";
		};
/* End PBXVariantGroup section */

/* Begin XCBuildConfiguration section */
		33D4F05D23652C5A0012009F /* Debug */ = {
			isa = XCBuildConfiguration;
			buildSettings = {
				ALWAYS_SEARCH_USER_PATHS = NO;
				CLANG_ANALYZER_NONNULL = YES;
				CLANG_ANALYZER_NUMBER_OBJECT_CONVERSION = YES_AGGRESSIVE;
				CLANG_CXX_LANGUAGE_STANDARD = "gnu++14";
				CLANG_CXX_LIBRARY = "libc++";
				CLANG_ENABLE_MODULES = YES;
				CLANG_ENABLE_OBJC_ARC = YES;
				CLANG_ENABLE_OBJC_WEAK = YES;
				CLANG_WARN_BLOCK_CAPTURE_AUTORELEASING = YES;
				CLANG_WARN_BOOL_CONVERSION = YES;
				CLANG_WARN_COMMA = YES;
				CLANG_WARN_CONSTANT_CONVERSION = YES;
				CLANG_WARN_DEPRECATED_OBJC_IMPLEMENTATIONS = YES;
				CLANG_WARN_DIRECT_OBJC_ISA_USAGE = YES_ERROR;
				CLANG_WARN_DOCUMENTATION_COMMENTS = YES;
				CLANG_WARN_EMPTY_BODY = YES;
				CLANG_WARN_ENUM_CONVERSION = YES;
				CLANG_WARN_INFINITE_RECURSION = YES;
				CLANG_WARN_INT_CONVERSION = YES;
				CLANG_WARN_NON_LITERAL_NULL_CONVERSION = YES;
				CLANG_WARN_OBJC_IMPLICIT_RETAIN_SELF = YES;
				CLANG_WARN_OBJC_LITERAL_CONVERSION = YES;
				CLANG_WARN_OBJC_ROOT_CLASS = YES_ERROR;
				CLANG_WARN_RANGE_LOOP_ANALYSIS = YES;
				CLANG_WARN_STRICT_PROTOTYPES = YES;
				CLANG_WARN_SUSPICIOUS_MOVE = YES;
				CLANG_WARN_UNGUARDED_AVAILABILITY = YES_AGGRESSIVE;
				CLANG_WARN_UNREACHABLE_CODE = YES;
				CLANG_WARN__DUPLICATE_METHOD_MATCH = YES;
				CODE_SIGN_IDENTITY = "iPhone Developer";
				COPY_PHASE_STRIP = NO;
				DEBUG_INFORMATION_FORMAT = dwarf;
				ENABLE_STRICT_OBJC_MSGSEND = YES;
				ENABLE_TESTABILITY = YES;
				GCC_C_LANGUAGE_STANDARD = gnu11;
				GCC_DYNAMIC_NO_PIC = NO;
				GCC_NO_COMMON_BLOCKS = YES;
				GCC_OPTIMIZATION_LEVEL = 0;
				GCC_PREPROCESSOR_DEFINITIONS = (
					"DEBUG=1",
					"$(inherited)",
				);
				GCC_WARN_64_TO_32_BIT_CONVERSION = YES;
				GCC_WARN_ABOUT_RETURN_TYPE = YES_ERROR;
				GCC_WARN_UNDECLARED_SELECTOR = YES;
				GCC_WARN_UNINITIALIZED_AUTOS = YES_AGGRESSIVE;
				GCC_WARN_UNUSED_FUNCTION = YES;
				GCC_WARN_UNUSED_VARIABLE = YES;
				IPHONEOS_DEPLOYMENT_TARGET = 12.1;
				MTL_ENABLE_DEBUG_INFO = INCLUDE_SOURCE;
				MTL_FAST_MATH = YES;
				ONLY_ACTIVE_ARCH = YES;
				SDKROOT = iphoneos;
				SWIFT_ACTIVE_COMPILATION_CONDITIONS = DEBUG;
				SWIFT_OPTIMIZATION_LEVEL = "-Onone";
			};
			name = Debug;
		};
		33D4F05E23652C5A0012009F /* Release */ = {
			isa = XCBuildConfiguration;
			buildSettings = {
				ALWAYS_SEARCH_USER_PATHS = NO;
				CLANG_ANALYZER_NONNULL = YES;
				CLANG_ANALYZER_NUMBER_OBJECT_CONVERSION = YES_AGGRESSIVE;
				CLANG_CXX_LANGUAGE_STANDARD = "gnu++14";
				CLANG_CXX_LIBRARY = "libc++";
				CLANG_ENABLE_MODULES = YES;
				CLANG_ENABLE_OBJC_ARC = YES;
				CLANG_ENABLE_OBJC_WEAK = YES;
				CLANG_WARN_BLOCK_CAPTURE_AUTORELEASING = YES;
				CLANG_WARN_BOOL_CONVERSION = YES;
				CLANG_WARN_COMMA = YES;
				CLANG_WARN_CONSTANT_CONVERSION = YES;
				CLANG_WARN_DEPRECATED_OBJC_IMPLEMENTATIONS = YES;
				CLANG_WARN_DIRECT_OBJC_ISA_USAGE = YES_ERROR;
				CLANG_WARN_DOCUMENTATION_COMMENTS = YES;
				CLANG_WARN_EMPTY_BODY = YES;
				CLANG_WARN_ENUM_CONVERSION = YES;
				CLANG_WARN_INFINITE_RECURSION = YES;
				CLANG_WARN_INT_CONVERSION = YES;
				CLANG_WARN_NON_LITERAL_NULL_CONVERSION = YES;
				CLANG_WARN_OBJC_IMPLICIT_RETAIN_SELF = YES;
				CLANG_WARN_OBJC_LITERAL_CONVERSION = YES;
				CLANG_WARN_OBJC_ROOT_CLASS = YES_ERROR;
				CLANG_WARN_RANGE_LOOP_ANALYSIS = YES;
				CLANG_WARN_STRICT_PROTOTYPES = YES;
				CLANG_WARN_SUSPICIOUS_MOVE = YES;
				CLANG_WARN_UNGUARDED_AVAILABILITY = YES_AGGRESSIVE;
				CLANG_WARN_UNREACHABLE_CODE = YES;
				CLANG_WARN__DUPLICATE_METHOD_MATCH = YES;
				CODE_SIGN_IDENTITY = "iPhone Developer";
				COPY_PHASE_STRIP = NO;
				DEBUG_INFORMATION_FORMAT = "dwarf-with-dsym";
				ENABLE_NS_ASSERTIONS = NO;
				ENABLE_STRICT_OBJC_MSGSEND = YES;
				GCC_C_LANGUAGE_STANDARD = gnu11;
				GCC_NO_COMMON_BLOCKS = YES;
				GCC_WARN_64_TO_32_BIT_CONVERSION = YES;
				GCC_WARN_ABOUT_RETURN_TYPE = YES_ERROR;
				GCC_WARN_UNDECLARED_SELECTOR = YES;
				GCC_WARN_UNINITIALIZED_AUTOS = YES_AGGRESSIVE;
				GCC_WARN_UNUSED_FUNCTION = YES;
				GCC_WARN_UNUSED_VARIABLE = YES;
				IPHONEOS_DEPLOYMENT_TARGET = 12.1;
				MTL_ENABLE_DEBUG_INFO = NO;
				MTL_FAST_MATH = YES;
				SDKROOT = iphoneos;
				SWIFT_COMPILATION_MODE = wholemodule;
				SWIFT_OPTIMIZATION_LEVEL = "-O";
				VALIDATE_PRODUCT = YES;
			};
			name = Release;
		};
		33D4F06023652C5A0012009F /* Debug */ = {
			isa = XCBuildConfiguration;
			buildSettings = {
				ASSETCATALOG_COMPILER_APPICON_NAME = AppIcon;
				CODE_SIGN_STYLE = Automatic;
				DEVELOPMENT_TEAM = 9RZ227D96G;
				INFOPLIST_FILE = AutoLayout_PopUp_Layout/Info.plist;
				LD_RUNPATH_SEARCH_PATHS = (
					"$(inherited)",
					"@executable_path/Frameworks",
				);
				PRODUCT_BUNDLE_IDENTIFIER = "kbschool.co.kr.AutoLayout-PopUp-Layout";
				PRODUCT_NAME = "$(TARGET_NAME)";
				SWIFT_VERSION = 4.2;
				TARGETED_DEVICE_FAMILY = "1,2";
			};
			name = Debug;
		};
		33D4F06123652C5A0012009F /* Release */ = {
			isa = XCBuildConfiguration;
			buildSettings = {
				ASSETCATALOG_COMPILER_APPICON_NAME = AppIcon;
				CODE_SIGN_STYLE = Automatic;
				DEVELOPMENT_TEAM = 9RZ227D96G;
				INFOPLIST_FILE = AutoLayout_PopUp_Layout/Info.plist;
				LD_RUNPATH_SEARCH_PATHS = (
					"$(inherited)",
					"@executable_path/Frameworks",
				);
				PRODUCT_BUNDLE_IDENTIFIER = "kbschool.co.kr.AutoLayout-PopUp-Layout";
				PRODUCT_NAME = "$(TARGET_NAME)";
				SWIFT_VERSION = 4.2;
				TARGETED_DEVICE_FAMILY = "1,2";
			};
			name = Release;
		};
		33D4F06323652C5A0012009F /* Debug */ = {
			isa = XCBuildConfiguration;
			buildSettings = {
				ALWAYS_EMBED_SWIFT_STANDARD_LIBRARIES = YES;
				BUNDLE_LOADER = "$(TEST_HOST)";
				CODE_SIGN_STYLE = Automatic;
				DEVELOPMENT_TEAM = 9RZ227D96G;
				INFOPLIST_FILE = AutoLayout_PopUp_LayoutTests/Info.plist;
				LD_RUNPATH_SEARCH_PATHS = (
					"$(inherited)",
					"@executable_path/Frameworks",
					"@loader_path/Frameworks",
				);
				PRODUCT_BUNDLE_IDENTIFIER = "kbschool.co.kr.AutoLayout-PopUp-LayoutTests";
				PRODUCT_NAME = "$(TARGET_NAME)";
				SWIFT_VERSION = 4.2;
				TARGETED_DEVICE_FAMILY = "1,2";
				TEST_HOST = "$(BUILT_PRODUCTS_DIR)/AutoLayout_PopUp_Layout.app/AutoLayout_PopUp_Layout";
			};
			name = Debug;
		};
		33D4F06423652C5A0012009F /* Release */ = {
			isa = XCBuildConfiguration;
			buildSettings = {
				ALWAYS_EMBED_SWIFT_STANDARD_LIBRARIES = YES;
				BUNDLE_LOADER = "$(TEST_HOST)";
				CODE_SIGN_STYLE = Automatic;
				DEVELOPMENT_TEAM = 9RZ227D96G;
				INFOPLIST_FILE = AutoLayout_PopUp_LayoutTests/Info.plist;
				LD_RUNPATH_SEARCH_PATHS = (
					"$(inherited)",
					"@executable_path/Frameworks",
					"@loader_path/Frameworks",
				);
				PRODUCT_BUNDLE_IDENTIFIER = "kbschool.co.kr.AutoLayout-PopUp-LayoutTests";
				PRODUCT_NAME = "$(TARGET_NAME)";
				SWIFT_VERSION = 4.2;
				TARGETED_DEVICE_FAMILY = "1,2";
				TEST_HOST = "$(BUILT_PRODUCTS_DIR)/AutoLayout_PopUp_Layout.app/AutoLayout_PopUp_Layout";
			};
			name = Release;
		};
		33D4F06623652C5A0012009F /* Debug */ = {
			isa = XCBuildConfiguration;
			buildSettings = {
				ALWAYS_EMBED_SWIFT_STANDARD_LIBRARIES = YES;
				CODE_SIGN_STYLE = Automatic;
				DEVELOPMENT_TEAM = 9RZ227D96G;
				INFOPLIST_FILE = AutoLayout_PopUp_LayoutUITests/Info.plist;
				LD_RUNPATH_SEARCH_PATHS = (
					"$(inherited)",
					"@executable_path/Frameworks",
					"@loader_path/Frameworks",
				);
				PRODUCT_BUNDLE_IDENTIFIER = "kbschool.co.kr.AutoLayout-PopUp-LayoutUITests";
				PRODUCT_NAME = "$(TARGET_NAME)";
				SWIFT_VERSION = 4.2;
				TARGETED_DEVICE_FAMILY = "1,2";
				TEST_TARGET_NAME = AutoLayout_PopUp_Layout;
			};
			name = Debug;
		};
		33D4F06723652C5A0012009F /* Release */ = {
			isa = XCBuildConfiguration;
			buildSettings = {
				ALWAYS_EMBED_SWIFT_STANDARD_LIBRARIES = YES;
				CODE_SIGN_STYLE = Automatic;
				DEVELOPMENT_TEAM = 9RZ227D96G;
				INFOPLIST_FILE = AutoLayout_PopUp_LayoutUITests/Info.plist;
				LD_RUNPATH_SEARCH_PATHS = (
					"$(inherited)",
					"@executable_path/Frameworks",
					"@loader_path/Frameworks",
				);
				PRODUCT_BUNDLE_IDENTIFIER = "kbschool.co.kr.AutoLayout-PopUp-LayoutUITests";
				PRODUCT_NAME = "$(TARGET_NAME)";
				SWIFT_VERSION = 4.2;
				TARGETED_DEVICE_FAMILY = "1,2";
				TEST_TARGET_NAME = AutoLayout_PopUp_Layout;
			};
			name = Release;
		};
/* End XCBuildConfiguration section */

/* Begin XCConfigurationList section */
		33D4F03223652C590012009F /* Build configuration list for PBXProject "AutoLayout_PopUp_Layout" */ = {
			isa = XCConfigurationList;
			buildConfigurations = (
				33D4F05D23652C5A0012009F /* Debug */,
				33D4F05E23652C5A0012009F /* Release */,
			);
			defaultConfigurationIsVisible = 0;
			defaultConfigurationName = Release;
		};
		33D4F05F23652C5A0012009F /* Build configuration list for PBXNativeTarget "AutoLayout_PopUp_Layout" */ = {
			isa = XCConfigurationList;
			buildConfigurations = (
				33D4F06023652C5A0012009F /* Debug */,
				33D4F06123652C5A0012009F /* Release */,
			);
			defaultConfigurationIsVisible = 0;
			defaultConfigurationName = Release;
		};
		33D4F06223652C5A0012009F /* Build configuration list for PBXNativeTarget "AutoLayout_PopUp_LayoutTests" */ = {
			isa = XCConfigurationList;
			buildConfigurations = (
				33D4F06323652C5A0012009F /* Debug */,
				33D4F06423652C5A0012009F /* Release */,
			);
			defaultConfigurationIsVisible = 0;
			defaultConfigurationName = Release;
		};
		33D4F06523652C5A0012009F /* Build configuration list for PBXNativeTarget "AutoLayout_PopUp_LayoutUITests" */ = {
			isa = XCConfigurationList;
			buildConfigurations = (
				33D4F06623652C5A0012009F /* Debug */,
				33D4F06723652C5A0012009F /* Release */,
			);
			defaultConfigurationIsVisible = 0;
			defaultConfigurationName = Release;
		};
/* End XCConfigurationList section */
	};
	rootObject = 33D4F02F23652C590012009F /* Project object */;
}
